
Microsoft Visual Studio Solution File, Format Version 12.00
# Visual Studio Version 16
VisualStudioVersion = 16.0.29609.76
MinimumVisualStudioVersion = 10.0.40219.1
Project("{FAE04EC0-301F-11D3-BF4B-00C04F79EFBC}") = "EverWealth", "EverWealth\EverWealth.csproj", "{471F6C52-8D9A-4C21-B0A3-77B6FA1CB14F}"
EndProject
Global
	GlobalSection(SolutionConfigurationPlatforms) = preSolution
		Debug|Any CPU = Debug|Any CPU
		Release|Any CPU = Release|Any CPU
	EndGlobalSection
	GlobalSection(ProjectConfigurationPlatforms) = postSolution
		{471F6C52-8D9A-4C21-B0A3-77B6FA1CB14F}.Debug|Any CPU.ActiveCfg = Debug|Any CPU
		{471F6C52-8D9A-4C21-B0A3-77B6FA1CB14F}.Debug|Any CPU.Build.0 = Debug|Any CPU
		{471F6C52-8D9A-4C21-B0A3-77B6FA1CB14F}.Release|Any CPU.ActiveCfg = Release|Any CPU
		{471F6C52-8D9A-4C21-B0A3-77B6FA1CB14F}.Release|Any CPU.Build.0 = Release|Any CPU
	EndGlobalSection
	GlobalSection(SolutionProperties) = preSolution
		HideSolutionNode = FALSE
	EndGlobalSection
	GlobalSection(ExtensibilityGlobals) = postSolution
		SolutionGuid = {B4A9907B-D5DD-49B9-B631-BA96F1E174F0}
	EndGlobalSection
EndGlobal
